
Microsoft Visual Studio Solution File, Format Version 12.00
# Visual Studio 15
VisualStudioVersion = 15.0.28307.1433
MinimumVisualStudioVersion = 10.0.40219.1
Project("{FAE04EC0-301F-11D3-BF4B-00C04F79EFBC}") = "ServicioComunicacionesApp", "ServicioComunicacionesMain\ServicioComunicacionesApp.csproj", "{C06EDE05-E864-4A3A-8120-E3079E6D697E}"
EndProject
Project("{FAE04EC0-301F-11D3-BF4B-00C04F79EFBC}") = "ServicioComunicacionesModel", "ServicioComunicacionesModel\ServicioComunicacionesModel.csproj", "{FD213874-0AC6-4F87-8A27-DA6CBB23A039}"
EndProject
Global
	GlobalSection(SolutionConfigurationPlatforms) = preSolution
		Debug|Any CPU = Debug|Any CPU
		Release|Any CPU = Release|Any CPU
	EndGlobalSection
	GlobalSection(ProjectConfigurationPlatforms) = postSolution
		{C06EDE05-E864-4A3A-8120-E3079E6D697E}.Debug|Any CPU.ActiveCfg = Debug|Any CPU
		{C06EDE05-E864-4A3A-8120-E3079E6D697E}.Debug|Any CPU.Build.0 = Debug|Any CPU
		{C06EDE05-E864-4A3A-8120-E3079E6D697E}.Release|Any CPU.ActiveCfg = Release|Any CPU
		{C06EDE05-E864-4A3A-8120-E3079E6D697E}.Release|Any CPU.Build.0 = Release|Any CPU
		{FD213874-0AC6-4F87-8A27-DA6CBB23A039}.Debug|Any CPU.ActiveCfg = Debug|Any CPU
		{FD213874-0AC6-4F87-8A27-DA6CBB23A039}.Debug|Any CPU.Build.0 = Debug|Any CPU
		{FD213874-0AC6-4F87-8A27-DA6CBB23A039}.Release|Any CPU.ActiveCfg = Release|Any CPU
		{FD213874-0AC6-4F87-8A27-DA6CBB23A039}.Release|Any CPU.Build.0 = Release|Any CPU
	EndGlobalSection
	GlobalSection(SolutionProperties) = preSolution
		HideSolutionNode = FALSE
	EndGlobalSection
	GlobalSection(ExtensibilityGlobals) = postSolution
		SolutionGuid = {2056B926-DF0F-495F-87F4-E162F64B50D9}
	EndGlobalSection
EndGlobal
